lockfileVersion: '6.0'

settings:
  autoInstallPeers: true
  excludeLinksFromLockfile: false

importers:

  .:
    devDependencies:
      turbo:
        specifier: ^2.3.4-canary.6
        version: 2.3.4-canary.6

  apps/app-a:
    dependencies:
      pkg-a:
        specifier: workspace:*
        version: link:../../packages/pkg-a
      tooling-config:
        specifier: workspace:*
        version: link:../../packages/tooling-config

  apps/app-b:
    dependencies:
      tooling-config:
        specifier: workspace:*
        version: link:../../packages/tooling-config

  packages/pkg-a:
    dependencies:
      tooling-config:
        specifier: workspace:*
        version: link:../tooling-config

  packages/pkg-b:
    dependencies:
      tooling-config:
        specifier: workspace:*
        version: link:../tooling-config

  packages/tooling-config: {}

packages:

  /turbo-darwin-64@2.3.4-canary.6:
    resolution: {integrity: sha512-Z8CIGWpQqCcvG7xxkKRv6d8rJMCIlt5jrEJVW10UF13GhZcTRqehr+ooIemwncQgovE+41SxZdtGSfw+uZ0CPA==}
    cpu: [x64]
    os: [darwin]
    requiresBuild: true
    dev: true
    optional: true

  /turbo-darwin-arm64@2.3.4-canary.6:
    resolution: {integrity: sha512-7yHGLfd9WF3IVGjqgzinf7dVKH1KVx7IvRu8JN/lUnNq6WHATIpv4AhzZrMZyhWWB3TiU0nhN7r09BItQEeWeg==}
    cpu: [arm64]
    os: [darwin]
    requiresBuild: true
    dev: true
    optional: true

  /turbo-linux-64@2.3.4-canary.6:
    resolution: {integrity: sha512-2FBDXjjiUBKz2fcJ8C7rmUx2OzSKgmjosqCLTLN1aU2+tugp2SH66Wuo2FaC1q8Bjt6wxNG5kW/4sxEb6aeGtA==}
    cpu: [x64]
    os: [linux]
    requiresBuild: true
    dev: true
    optional: true

  /turbo-linux-arm64@2.3.4-canary.6:
    resolution: {integrity: sha512-VIP7Ehpw2cwT5kYDGIepgjTjpimtY7O264WC34b/ZmABYCE8yJLKNiaiV9AuSPUMJrnNMLku6s5PDKmJR6yKxg==}
    cpu: [arm64]
    os: [linux]
    requiresBuild: true
    dev: true
    optional: true

  /turbo-windows-64@2.3.4-canary.6:
    resolution: {integrity: sha512-QJn5E4B4E3cGorKsGagiqbJ1TBn2W/bOHG7sS7OFRnDNhKZ/K5ffc4ylnVEZjst1Lq6InEc48aacoU9G/bf1Ww==}
    cpu: [x64]
    os: [win32]
    requiresBuild: true
    dev: true
    optional: true

  /turbo-windows-arm64@2.3.4-canary.6:
    resolution: {integrity: sha512-QB/mzfUnpRaGiL9PcmrS00/ayYLCTDcgwfEIEJyIBl6s/lRd+uls4xCuHRWOOak3kpNRpcSQU3u/k9ZqZUMHKA==}
    cpu: [arm64]
    os: [win32]
    requiresBuild: true
    dev: true
    optional: true

  /turbo@2.3.4-canary.6:
    resolution: {integrity: sha512-A69huK4SEkIYZaO5+90XbOGNflEAxpIJ+gbKXnGue16fF1PWOlxB2JwzE3ZUwrBoMWnwGhw7HBGfDvq4zJmDyA==}
    hasBin: true
    optionalDependencies:
      turbo-darwin-64: 2.3.4-canary.6
      turbo-darwin-arm64: 2.3.4-canary.6
      turbo-linux-64: 2.3.4-canary.6
      turbo-linux-arm64: 2.3.4-canary.6
      turbo-windows-64: 2.3.4-canary.6
      turbo-windows-arm64: 2.3.4-canary.6
    dev: true
